Microsoft Visual Studio Solution File, Format Version 12.00
# Visual Studio Version 17
VisualStudioVersion = 17.5.2.0
MinimumVisualStudioVersion = 10.0.40219.1
Project("{FAE04EC0-301F-11D3-BF4B-00C04F79EFBC}") = "PropertyAPI.Tests", "PropertyAPI.Tests.csproj", "{B08EEC6C-B5DB-4179-1400-CD62D90FC6DF}"
EndProject
Global
	GlobalSection(SolutionConfigurationPlatforms) = preSolution
		Debug|Any CPU = Debug|Any CPU
		Release|Any CPU = Release|Any CPU
	EndGlobalSection
	GlobalSection(ProjectConfigurationPlatforms) = postSolution
		{B08EEC6C-B5DB-4179-1400-CD62D90FC6DF}.Debug|Any CPU.ActiveCfg = Debug|Any CPU
		{B08EEC6C-B5DB-4179-1400-CD62D90FC6DF}.Debug|Any CPU.Build.0 = Debug|Any CPU
		{B08EEC6C-B5DB-4179-1400-CD62D90FC6DF}.Release|Any CPU.ActiveCfg = Release|Any CPU
		{B08EEC6C-B5DB-4179-1400-CD62D90FC6DF}.Release|Any CPU.Build.0 = Release|Any CPU
	EndGlobalSection
	GlobalSection(SolutionProperties) = preSolution
		HideSolutionNode = FALSE
	EndGlobalSection
	GlobalSection(ExtensibilityGlobals) = postSolution
		SolutionGuid = {475110CB-7F0B-424E-BD7B-5FD098C78EE9}
	EndGlobalSection
EndGlobal
